
Microsoft Visual Studio Solution File, Format Version 12.00
# Visual Studio 14
VisualStudioVersion = 14.0.25420.1
MinimumVisualStudioVersion = 10.0.40219.1
Project("{FAE04EC0-301F-11D3-BF4B-00C04F79EFBC}") = "MBGMusic", "MBGmusic\MBGMusic.csproj", "{F5D46BA1-6F21-40EF-9695-46105CCACD08}"
EndProject
Project("{FAE04EC0-301F-11D3-BF4B-00C04F79EFBC}") = "TestMBApi", "TestPlaylistCreation\TestMBApi.csproj", "{4D303419-70E9-4989-933D-9BDF8CBA87CA}"
EndProject
Project("{911E67C6-3D85-4FCE-B560-20A9C3E3FF48}") = "MusicBee", "..\..\..\Program Files (x86)\MusicBee\MusicBee.exe", "{DD3C2606-CAD7-4FD2-A53D-DD54F2200E1B}"
	ProjectSection(DebuggerProjectSystem) = preProject
		PortSupplier = 00000000-0000-0000-0000-000000000000
		Executable = C:\Program Files (x86)\MusicBee\MusicBee.exe
		RemoteMachine = MH-BOXBOX
		StartingDirectory = C:\Program Files (x86)\MusicBee
		Environment = Default
		LaunchingEngine = 00000000-0000-0000-0000-000000000000
		UseLegacyDebugEngines = No
		LaunchSQLEngine = No
		AttachLaunchAction = No
	EndProjectSection
EndProject
Global
	GlobalSection(SolutionConfigurationPlatforms) = preSolution
		Debug|Any CPU = Debug|Any CPU
		Debug|Mixed Platforms = Debug|Mixed Platforms
		Debug|x86 = Debug|x86
		Release|Any CPU = Release|Any CPU
		Release|Mixed Platforms = Release|Mixed Platforms
		Release|x86 = Release|x86
	EndGlobalSection
	GlobalSection(ProjectConfigurationPlatforms) = postSolution
		{F5D46BA1-6F21-40EF-9695-46105CCACD08}.Debug|Any CPU.ActiveCfg = Debug|Any CPU
		{F5D46BA1-6F21-40EF-9695-46105CCACD08}.Debug|Any CPU.Build.0 = Debug|Any CPU
		{F5D46BA1-6F21-40EF-9695-46105CCACD08}.Debug|Mixed Platforms.ActiveCfg = Debug|x86
		{F5D46BA1-6F21-40EF-9695-46105CCACD08}.Debug|Mixed Platforms.Build.0 = Debug|x86
		{F5D46BA1-6F21-40EF-9695-46105CCACD08}.Debug|x86.ActiveCfg = Debug|x86
		{F5D46BA1-6F21-40EF-9695-46105CCACD08}.Debug|x86.Build.0 = Debug|x86
		{F5D46BA1-6F21-40EF-9695-46105CCACD08}.Release|Any CPU.ActiveCfg = Release|Any CPU
		{F5D46BA1-6F21-40EF-9695-46105CCACD08}.Release|Any CPU.Build.0 = Release|Any CPU
		{F5D46BA1-6F21-40EF-9695-46105CCACD08}.Release|Mixed Platforms.ActiveCfg = Release|x86
		{F5D46BA1-6F21-40EF-9695-46105CCACD08}.Release|Mixed Platforms.Build.0 = Release|x86
		{F5D46BA1-6F21-40EF-9695-46105CCACD08}.Release|x86.ActiveCfg = Release|x86
		{F5D46BA1-6F21-40EF-9695-46105CCACD08}.Release|x86.Build.0 = Release|x86
		{4D303419-70E9-4989-933D-9BDF8CBA87CA}.Debug|Any CPU.ActiveCfg = Debug|Any CPU
		{4D303419-70E9-4989-933D-9BDF8CBA87CA}.Debug|Any CPU.Build.0 = Debug|Any CPU
		{4D303419-70E9-4989-933D-9BDF8CBA87CA}.Debug|Mixed Platforms.ActiveCfg = Debug|Any CPU
		{4D303419-70E9-4989-933D-9BDF8CBA87CA}.Debug|Mixed Platforms.Build.0 = Debug|Any CPU
		{4D303419-70E9-4989-933D-9BDF8CBA87CA}.Debug|x86.ActiveCfg = Debug|Any CPU
		{4D303419-70E9-4989-933D-9BDF8CBA87CA}.Release|Any CPU.ActiveCfg = Release|Any CPU
		{4D303419-70E9-4989-933D-9BDF8CBA87CA}.Release|Any CPU.Build.0 = Release|Any CPU
		{4D303419-70E9-4989-933D-9BDF8CBA87CA}.Release|Mixed Platforms.ActiveCfg = Release|Any CPU
		{4D303419-70E9-4989-933D-9BDF8CBA87CA}.Release|Mixed Platforms.Build.0 = Release|Any CPU
		{4D303419-70E9-4989-933D-9BDF8CBA87CA}.Release|x86.ActiveCfg = Release|Any CPU
		{DD3C2606-CAD7-4FD2-A53D-DD54F2200E1B}.Debug|Any CPU.ActiveCfg = Release|x86
		{DD3C2606-CAD7-4FD2-A53D-DD54F2200E1B}.Debug|Mixed Platforms.ActiveCfg = Release|x86
		{DD3C2606-CAD7-4FD2-A53D-DD54F2200E1B}.Debug|x86.ActiveCfg = Release|x86
		{DD3C2606-CAD7-4FD2-A53D-DD54F2200E1B}.Release|Any CPU.ActiveCfg = Release|x86
		{DD3C2606-CAD7-4FD2-A53D-DD54F2200E1B}.Release|Mixed Platforms.ActiveCfg = Release|x86
		{DD3C2606-CAD7-4FD2-A53D-DD54F2200E1B}.Release|x86.ActiveCfg = Release|x86
	EndGlobalSection
	GlobalSection(SolutionProperties) = preSolution
		HideSolutionNode = FALSE
	EndGlobalSection
EndGlobal
